// !$*UTF8*$!
{
	archiveVersion = 1;
	classes = {
	};
	objectVersion = 46;
	objects = {

/* Begin PBXBuildFile section */
		6418455F1A4FE6370026DD91 /* AkihikoEnemyBullet1.swift in Sources */ = {isa = PBXBuildFile; fileRef = 6418455E1A4FE6370026DD91 /* AkihikoEnemyBullet1.swift */; };
		641845611A4FE84F0026DD91 /* ball.png in Resources */ = {isa = PBXBuildFile; fileRef = 641845601A4FE84F0026DD91 /* ball.png */; };
		6445DA4B1A389FA800F67740 /* AkihikoMyBullet.swift in Sources */ = {isa = PBXBuildFile; fileRef = 6445DA4A1A389FA800F67740 /* AkihikoMyBullet.swift */; };
		646F2EC81A2719A100D465F9 /* AkihikoAirframe.swift in Sources */ = {isa = PBXBuildFile; fileRef = 646F2EC71A2719A100D465F9 /* AkihikoAirframe.swift */; };
		648EF7061A3AF332000DE1A8 /* AkihikoRefBullet.swift in Sources */ = {isa = PBXBuildFile; fileRef = 648EF7051A3AF332000DE1A8 /* AkihikoRefBullet.swift */; };
		64C4ED7E1A7B98E90062432B /* SceneEscapeProtocol.swift in Sources */ = {isa = PBXBuildFile; fileRef = 64C4ED7D1A7B98E90062432B /* SceneEscapeProtocol.swift */; };
		64C4ED801A7B98FA0062432B /* StartGameProtocol.swift in Sources */ = {isa = PBXBuildFile; fileRef = 64C4ED7F1A7B98FA0062432B /* StartGameProtocol.swift */; };
		64C4ED821A7B991E0062432B /* ScoreScene.swift in Sources */ = {isa = PBXBuildFile; fileRef = 64C4ED811A7B991E0062432B /* ScoreScene.swift */; };
		64C4ED841A7B99420062432B /* TitleScene.swift in Sources */ = {isa = PBXBuildFile; fileRef = 64C4ED831A7B99420062432B /* TitleScene.swift */; };
		6D5003F61A8E1ABA00096AFE /* MoriEnemy.swift in Sources */ = {isa = PBXBuildFile; fileRef = 6D5003F51A8E1ABA00096AFE /* MoriEnemy.swift */; };
		6DF287DB1A442C4400970563 /* MoriEnemy2.swift in Sources */ = {isa = PBXBuildFile; fileRef = 6DF287D71A442C1100970563 /* MoriEnemy2.swift */; };
		6DF287DD1A442DD900970563 /* MoriyukiRoot.swift in Sources */ = {isa = PBXBuildFile; fileRef = 6EDAD24D1A27027D0037B1BD /* MoriyukiRoot.swift */; };
		6E050C431A442F67008AE8D9 /* DaikiTestBullet.swift in Sources */ = {isa = PBXBuildFile; fileRef = 6E050C421A442F67008AE8D9 /* DaikiTestBullet.swift */; };
		6E3140801A27052F00A77F6C /* DaikiEnemy.swift in Sources */ = {isa = PBXBuildFile; fileRef = 6E31407F1A27052F00A77F6C /* DaikiEnemy.swift */; };
		6E42BE831A68B0160010E8B7 /* Beam.swift in Sources */ = {isa = PBXBuildFile; fileRef = 6E42BE821A68B0160010E8B7 /* Beam.swift */; };
		6E5916401A4BB0C5006DE56B /* Ship.swift in Sources */ = {isa = PBXBuildFile; fileRef = 6E59163F1A4BB0C5006DE56B /* Ship.swift */; };
		6E5916421A4BB23E006DE56B /* ScreenManager.swift in Sources */ = {isa = PBXBuildFile; fileRef = 6E5916411A4BB23E006DE56B /* ScreenManager.swift */; };
		6E83C4691A674CB600EE8CD2 /* EnemyBullet.swift in Sources */ = {isa = PBXBuildFile; fileRef = 6E83C4681A674CB600EE8CD2 /* EnemyBullet.swift */; };
		6ECDD9191A4273F2007CF517 /* Enemy.swift in Sources */ = {isa = PBXBuildFile; fileRef = 6ECDD9181A4273F2007CF517 /* Enemy.swift */; };
		6ECDD91B1A4273FB007CF517 /* Bullet.swift in Sources */ = {isa = PBXBuildFile; fileRef = 6ECDD91A1A4273FB007CF517 /* Bullet.swift */; };
		6ECDD91D1A427412007CF517 /* ObjectManager.swift in Sources */ = {isa = PBXBuildFile; fileRef = 6ECDD91C1A427412007CF517 /* ObjectManager.swift */; };
		6EDAD2221A26FFBD0037B1BD /* AppDelegate.swift in Sources */ = {isa = PBXBuildFile; fileRef = 6EDAD2211A26FFBD0037B1BD /* AppDelegate.swift */; };
		6EDAD2241A26FFBD0037B1BD /* GameScene.sks in Resources */ = {isa = PBXBuildFile; fileRef = 6EDAD2231A26FFBD0037B1BD /* GameScene.sks */; };
		6EDAD2261A26FFBD0037B1BD /* GameScene.swift in Sources */ = {isa = PBXBuildFile; fileRef = 6EDAD2251A26FFBD0037B1BD /* GameScene.swift */; };
		6EDAD2281A26FFBD0037B1BD /* GameViewController.swift in Sources */ = {isa = PBXBuildFile; fileRef = 6EDAD2271A26FFBD0037B1BD /* GameViewController.swift */; };
		6EDAD22B1A26FFBD0037B1BD /* Main.storyboard in Resources */ = {isa = PBXBuildFile; fileRef = 6EDAD2291A26FFBD0037B1BD /* Main.storyboard */; };
		6EDAD22D1A26FFBD0037B1BD /* Images.xcassets in Resources */ = {isa = PBXBuildFile; fileRef = 6EDAD22C1A26FFBD0037B1BD /* Images.xcassets */; };
		6EDAD2301A26FFBD0037B1BD /* LaunchScreen.xib in Resources */ = {isa = PBXBuildFile; fileRef = 6EDAD22E1A26FFBD0037B1BD /* LaunchScreen.xib */; };
		6EDAD24A1A2700F30037B1BD /* DaikiRoot.swift in Sources */ = {isa = PBXBuildFile; fileRef = 6EDAD2491A2700F30037B1BD /* DaikiRoot.swift */; };
		6EDAD24C1A27024E0037B1BD /* AkihikoRoot.swift in Sources */ = {isa = PBXBuildFile; fileRef = 6EDAD24B1A27024E0037B1BD /* AkihikoRoot.swift */; };
		6EDAD2501A27029E0037B1BD /* KoukiRoot.swift in Sources */ = {isa = PBXBuildFile; fileRef = 6EDAD24F1A27029E0037B1BD /* KoukiRoot.swift */; };
/* End PBXBuildFile section */

/* Begin PBXContainerItemProxy section */
		6EDAD2361A26FFBD0037B1BD /* PBXContainerItemProxy */ = {
			isa = PBXContainerItemProxy;
			containerPortal = 6EDAD2141A26FFBC0037B1BD /* Project object */;
			proxyType = 1;
			remoteGlobalIDString = 6EDAD21B1A26FFBC0037B1BD;
			remoteInfo = ShootingGame;
		};
/* End PBXContainerItemProxy section */

/* Begin PBXFileReference section */
		6418455E1A4FE6370026DD91 /* AkihikoEnemyBullet1.swift */ = {isa = PBXFileReference; fileEncoding = 4; lastKnownFileType = sourcecode.swift; path = AkihikoEnemyBullet1.swift; sourceTree = "<group>"; };
		641845601A4FE84F0026DD91 /* ball.png */ = {isa = PBXFileReference; lastKnownFileType = image.png; name = ball.png; path = Images.xcassets/Spaceship.imageset/ball.png; sourceTree = "<group>"; };
		6445DA4A1A389FA800F67740 /* AkihikoMyBullet.swift */ = {isa = PBXFileReference; fileEncoding = 4; lastKnownFileType = sourcecode.swift; path = AkihikoMyBullet.swift; sourceTree = "<group>"; };
		646F2EC71A2719A100D465F9 /* AkihikoAirframe.swift */ = {isa = PBXFileReference; fileEncoding = 4; lastKnownFileType = sourcecode.swift; path = AkihikoAirframe.swift; sourceTree = "<group>"; };
		648EF7051A3AF332000DE1A8 /* AkihikoRefBullet.swift */ = {isa = PBXFileReference; fileEncoding = 4; lastKnownFileType = sourcecode.swift; path = AkihikoRefBullet.swift; sourceTree = "<group>"; };
		64C4ED7D1A7B98E90062432B /* SceneEscapeProtocol.swift */ = {isa = PBXFileReference; fileEncoding = 4; lastKnownFileType = sourcecode.swift; path = SceneEscapeProtocol.swift; sourceTree = "<group>"; };
		64C4ED7F1A7B98FA0062432B /* StartGameProtocol.swift */ = {isa = PBXFileReference; fileEncoding = 4; lastKnownFileType = sourcecode.swift; path = StartGameProtocol.swift; sourceTree = "<group>"; };
		64C4ED811A7B991E0062432B /* ScoreScene.swift */ = {isa = PBXFileReference; fileEncoding = 4; lastKnownFileType = sourcecode.swift; path = ScoreScene.swift; sourceTree = "<group>"; };
		64C4ED831A7B99420062432B /* TitleScene.swift */ = {isa = PBXFileReference; fileEncoding = 4; lastKnownFileType = sourcecode.swift; path = TitleScene.swift; sourceTree = "<group>"; };
		6D5003F51A8E1ABA00096AFE /* MoriEnemy.swift */ = {isa = PBXFileReference; fileEncoding = 4; lastKnownFileType = sourcecode.swift; path = MoriEnemy.swift; sourceTree = "<group>"; };
		6DF287D71A442C1100970563 /* MoriEnemy2.swift */ = {isa = PBXFileReference; fileEncoding = 4; lastKnownFileType = sourcecode.swift; path = MoriEnemy2.swift; sourceTree = "<group>"; };
		6E050C421A442F67008AE8D9 /* DaikiTestBullet.swift */ = {isa = PBXFileReference; fileEncoding = 4; lastKnownFileType = sourcecode.swift; path = DaikiTestBullet.swift; sourceTree = "<group>"; };
		6E31407F1A27052F00A77F6C /* DaikiEnemy.swift */ = {isa = PBXFileReference; fileEncoding = 4; lastKnownFileType = sourcecode.swift; path = DaikiEnemy.swift; sourceTree = "<group>"; };
		6E42BE821A68B0160010E8B7 /* Beam.swift */ = {isa = PBXFileReference; fileEncoding = 4; lastKnownFileType = sourcecode.swift; path = Beam.swift; sourceTree = "<group>"; };
		6E59163F1A4BB0C5006DE56B /* Ship.swift */ = {isa = PBXFileReference; fileEncoding = 4; lastKnownFileType = sourcecode.swift; path = Ship.swift; sourceTree = "<group>"; };
		6E5916411A4BB23E006DE56B /* ScreenManager.swift */ = {isa = PBXFileReference; fileEncoding = 4; lastKnownFileType = sourcecode.swift; path = ScreenManager.swift; sourceTree = "<group>"; };
		6E83C4681A674CB600EE8CD2 /* EnemyBullet.swift */ = {isa = PBXFileReference; fileEncoding = 4; lastKnownFileType = sourcecode.swift; path = EnemyBullet.swift; sourceTree = "<group>"; };
		6ECDD9181A4273F2007CF517 /* Enemy.swift */ = {isa = PBXFileReference; fileEncoding = 4; lastKnownFileType = sourcecode.swift; path = Enemy.swift; sourceTree = "<group>"; };
		6ECDD91A1A4273FB007CF517 /* Bullet.swift */ = {isa = PBXFileReference; fileEncoding = 4; lastKnownFileType = sourcecode.swift; path = Bullet.swift; sourceTree = "<group>"; };
		6ECDD91C1A427412007CF517 /* ObjectManager.swift */ = {isa = PBXFileReference; fileEncoding = 4; lastKnownFileType = sourcecode.swift; path = ObjectManager.swift; sourceTree = "<group>"; };
		6EDAD21C1A26FFBC0037B1BD /* ShootingGame.app */ = {isa = PBXFileReference; explicitFileType = wrapper.application; includeInIndex = 0; path = ShootingGame.app; sourceTree = BUILT_PRODUCTS_DIR; };
		6EDAD2201A26FFBD0037B1BD /* Info.plist */ = {isa = PBXFileReference; lastKnownFileType = text.plist.xml; path = Info.plist; sourceTree = "<group>"; };
		6EDAD2211A26FFBD0037B1BD /* AppDelegate.swift */ = {isa = PBXFileReference; lastKnownFileType = sourcecode.swift; path = AppDelegate.swift; sourceTree = "<group>"; };
		6EDAD2231A26FFBD0037B1BD /* GameScene.sks */ = {isa = PBXFileReference; lastKnownFileType = file.sks; path = GameScene.sks; sourceTree = "<group>"; };
		6EDAD2251A26FFBD0037B1BD /* GameScene.swift */ = {isa = PBXFileReference; lastKnownFileType = sourcecode.swift; path = GameScene.swift; sourceTree = "<group>"; };
		6EDAD2271A26FFBD0037B1BD /* GameViewController.swift */ = {isa = PBXFileReference; lastKnownFileType = sourcecode.swift; path = GameViewController.swift; sourceTree = "<group>"; };
		6EDAD22A1A26FFBD0037B1BD /* Base */ = {isa = PBXFileReference; lastKnownFileType = file.storyboard; name = Base; path = Base.lproj/Main.storyboard; sourceTree = "<group>"; };
		6EDAD22C1A26FFBD0037B1BD /* Images.xcassets */ = {isa = PBXFileReference; lastKnownFileType = folder.assetcatalog; path = Images.xcassets; sourceTree = "<group>"; };
		6EDAD22F1A26FFBD0037B1BD /* Base */ = {isa = PBXFileReference; lastKnownFileType = file.xib; name = Base; path = Base.lproj/LaunchScreen.xib; sourceTree = "<group>"; };
		6EDAD2351A26FFBD0037B1BD /* ShootingGameTests.xctest */ = {isa = PBXFileReference; explicitFileType = wrapper.cfbundle; includeInIndex = 0; path = ShootingGameTests.xctest; sourceTree = BUILT_PRODUCTS_DIR; };
		6EDAD23A1A26FFBD0037B1BD /* Info.plist */ = {isa = PBXFileReference; lastKnownFileType = text.plist.xml; path = Info.plist; sourceTree = "<group>"; };
		6EDAD23B1A26FFBD0037B1BD /* ShootingGameTests.swift */ = {isa = PBXFileReference; lastKnownFileType = sourcecode.swift; path = ShootingGameTests.swift; sourceTree = "<group>"; };
		6EDAD2491A2700F30037B1BD /* DaikiRoot.swift */ = {isa = PBXFileReference; fileEncoding = 4; lastKnownFileType = sourcecode.swift; path = DaikiRoot.swift; sourceTree = "<group>"; };
		6EDAD24B1A27024E0037B1BD /* AkihikoRoot.swift */ = {isa = PBXFileReference; fileEncoding = 4; lastKnownFileType = sourcecode.swift; path = AkihikoRoot.swift; sourceTree = "<group>"; };
		6EDAD24D1A27027D0037B1BD /* MoriyukiRoot.swift */ = {isa = PBXFileReference; fileEncoding = 4; lastKnownFileType = sourcecode.swift; path = MoriyukiRoot.swift; sourceTree = "<group>"; };
		6EDAD24F1A27029E0037B1BD /* KoukiRoot.swift */ = {isa = PBXFileReference; fileEncoding = 4; lastKnownFileType = sourcecode.swift; path = KoukiRoot.swift; sourceTree = "<group>"; };
/* End PBXFileReference section */

/* Begin PBXFrameworksBuildPhase section */
		6EDAD2191A26FFBC0037B1BD /* Frameworks */ = {
			isa = PBXFrameworksBuildPhase;
			buildActionMask = 2147483647;
			files = (
			);
			runOnlyForDeploymentPostprocessing = 0;
		};
		6EDAD2321A26FFBD0037B1BD /* Frameworks */ = {
			isa = PBXFrameworksBuildPhase;
			buildActionMask = 2147483647;
			files = (
			);
			runOnlyForDeploymentPostprocessing = 0;
		};
/* End PBXFrameworksBuildPhase section */

/* Begin PBXGroup section */
		6EDAD2131A26FFBC0037B1BD = {
			isa = PBXGroup;
			children = (
				6EDAD21E1A26FFBC0037B1BD /* ShootingGame */,
				6EDAD2381A26FFBD0037B1BD /* ShootingGameTests */,
				6EDAD21D1A26FFBC0037B1BD /* Products */,
			);
			sourceTree = "<group>";
		};
		6EDAD21D1A26FFBC0037B1BD /* Products */ = {
			isa = PBXGroup;
			children = (
				6EDAD21C1A26FFBC0037B1BD /* ShootingGame.app */,
				6EDAD2351A26FFBD0037B1BD /* ShootingGameTests.xctest */,
			);
			name = Products;
			sourceTree = "<group>";
		};
		6EDAD21E1A26FFBC0037B1BD /* ShootingGame */ = {
			isa = PBXGroup;
			children = (
				641845601A4FE84F0026DD91 /* ball.png */,
				6EDAD2481A2700CE0037B1BD /* Kouki */,
				6EDAD2471A2700C50037B1BD /* Moriyuki */,
				6EDAD2461A2700BD0037B1BD /* Akihiko */,
				6EDAD2211A26FFBD0037B1BD /* AppDelegate.swift */,
				6EDAD2231A26FFBD0037B1BD /* GameScene.sks */,
				6EDAD2251A26FFBD0037B1BD /* GameScene.swift */,
				6EDAD2271A26FFBD0037B1BD /* GameViewController.swift */,
				6EDAD2451A2700AB0037B1BD /* Daiki */,
				6EDAD2291A26FFBD0037B1BD /* Main.storyboard */,
				6EDAD22C1A26FFBD0037B1BD /* Images.xcassets */,
				6EDAD22E1A26FFBD0037B1BD /* LaunchScreen.xib */,
				6EDAD21F1A26FFBD0037B1BD /* Supporting Files */,
				64C4ED7D1A7B98E90062432B /* SceneEscapeProtocol.swift */,
				64C4ED7F1A7B98FA0062432B /* StartGameProtocol.swift */,
				64C4ED811A7B991E0062432B /* ScoreScene.swift */,
				64C4ED831A7B99420062432B /* TitleScene.swift */,
			);
			path = ShootingGame;
			sourceTree = "<group>";
		};
		6EDAD21F1A26FFBD0037B1BD /* Supporting Files */ = {
			isa = PBXGroup;
			children = (
				6EDAD2201A26FFBD0037B1BD /* Info.plist */,
			);
			name = "Supporting Files";
			sourceTree = "<group>";
		};
		6EDAD2381A26FFBD0037B1BD /* ShootingGameTests */ = {
			isa = PBXGroup;
			children = (
				6EDAD23B1A26FFBD0037B1BD /* ShootingGameTests.swift */,
				6EDAD2391A26FFBD0037B1BD /* Supporting Files */,
			);
			path = ShootingGameTests;
			sourceTree = "<group>";
		};
		6EDAD2391A26FFBD0037B1BD /* Supporting Files */ = {
			isa = PBXGroup;
			children = (
				6EDAD23A1A26FFBD0037B1BD /* Info.plist */,
			);
			name = "Supporting Files";
			sourceTree = "<group>";
		};
		6EDAD2451A2700AB0037B1BD /* Daiki */ = {
			isa = PBXGroup;
			children = (
				6EDAD2491A2700F30037B1BD /* DaikiRoot.swift */,
				6ECDD91A1A4273FB007CF517 /* Bullet.swift */,
				6E42BE821A68B0160010E8B7 /* Beam.swift */,
				6E83C4681A674CB600EE8CD2 /* EnemyBullet.swift */,
				6ECDD91C1A427412007CF517 /* ObjectManager.swift */,
				6E59163F1A4BB0C5006DE56B /* Ship.swift */,
				6ECDD9181A4273F2007CF517 /* Enemy.swift */,
				6E050C421A442F67008AE8D9 /* DaikiTestBullet.swift */,
				6E31407F1A27052F00A77F6C /* DaikiEnemy.swift */,
				6E5916411A4BB23E006DE56B /* ScreenManager.swift */,
			);
			name = Daiki;
			sourceTree = "<group>";
		};
		6EDAD2461A2700BD0037B1BD /* Akihiko */ = {
			isa = PBXGroup;
			children = (
				6EDAD24B1A27024E0037B1BD /* AkihikoRoot.swift */,
				646F2EC71A2719A100D465F9 /* AkihikoAirframe.swift */,
				6445DA4A1A389FA800F67740 /* AkihikoMyBullet.swift */,
				648EF7051A3AF332000DE1A8 /* AkihikoRefBullet.swift */,
				6418455E1A4FE6370026DD91 /* AkihikoEnemyBullet1.swift */,
			);
			name = Akihiko;
			sourceTree = "<group>";
		};
		6EDAD2471A2700C50037B1BD /* Moriyuki */ = {
			isa = PBXGroup;
			children = (
				6D5003F51A8E1ABA00096AFE /* MoriEnemy.swift */,
				6DF287D71A442C1100970563 /* MoriEnemy2.swift */,
				6EDAD24D1A27027D0037B1BD /* MoriyukiRoot.swift */,
			);
			name = Moriyuki;
			sourceTree = "<group>";
		};
		6EDAD2481A2700CE0037B1BD /* Kouki */ = {
			isa = PBXGroup;
			children = (
				6EDAD24F1A27029E0037B1BD /* KoukiRoot.swift */,
			);
			name = Kouki;
			sourceTree = "<group>";
		};
/* End PBXGroup section */

/* Begin PBXNativeTarget section */
		6EDAD21B1A26FFBC0037B1BD /* ShootingGame */ = {
			isa = PBXNativeTarget;
			buildConfigurationList = 6EDAD23F1A26FFBD0037B1BD /* Build configuration list for PBXNativeTarget "ShootingGame" */;
			buildPhases = (
				6EDAD2181A26FFBC0037B1BD /* Sources */,
				6EDAD2191A26FFBC0037B1BD /* Frameworks */,
				6EDAD21A1A26FFBC0037B1BD /* Resources */,
			);
			buildRules = (
			);
			dependencies = (
			);
			name = ShootingGame;
			productName = ShootingGame;
			productReference = 6EDAD21C1A26FFBC0037B1BD /* ShootingGame.app */;
			productType = "com.apple.product-type.application";
		};
		6EDAD2341A26FFBD0037B1BD /* ShootingGameTests */ = {
			isa = PBXNativeTarget;
			buildConfigurationList = 6EDAD2421A26FFBD0037B1BD /* Build configuration list for PBXNativeTarget "ShootingGameTests" */;
			buildPhases = (
				6EDAD2311A26FFBD0037B1BD /* Sources */,
				6EDAD2321A26FFBD0037B1BD /* Frameworks */,
				6EDAD2331A26FFBD0037B1BD /* Resources */,
			);
			buildRules = (
			);
			dependencies = (
				6EDAD2371A26FFBD0037B1BD /* PBXTargetDependency */,
			);
			name = ShootingGameTests;
			productName = ShootingGameTests;
			productReference = 6EDAD2351A26FFBD0037B1BD /* ShootingGameTests.xctest */;
			productType = "com.apple.product-type.bundle.unit-test";
		};
/* End PBXNativeTarget section */

/* Begin PBXProject section */
		6EDAD2141A26FFBC0037B1BD /* Project object */ = {
			isa = PBXProject;
			attributes = {
				LastUpgradeCheck = 0610;
				ORGANIZATIONNAME = GroupD;
				TargetAttributes = {
					6EDAD21B1A26FFBC0037B1BD = {
						CreatedOnToolsVersion = 6.1;
						DevelopmentTeam = S3UNBN5SS6;
					};
					6EDAD2341A26FFBD0037B1BD = {
						CreatedOnToolsVersion = 6.1;
						TestTargetID = 6EDAD21B1A26FFBC0037B1BD;
					};
				};
			};
			buildConfigurationList = 6EDAD2171A26FFBC0037B1BD /* Build configuration list for PBXProject "ShootingGame" */;
			compatibilityVersion = "Xcode 3.2";
			developmentRegion = English;
			hasScannedForEncodings = 0;
			knownRegions = (
				en,
				Base,
			);
			mainGroup = 6EDAD2131A26FFBC0037B1BD;
			productRefGroup = 6EDAD21D1A26FFBC0037B1BD /* Products */;
			projectDirPath = "";
			projectRoot = "";
			targets = (
				6EDAD21B1A26FFBC0037B1BD /* ShootingGame */,
				6EDAD2341A26FFBD0037B1BD /* ShootingGameTests */,
			);
		};
/* End PBXProject section */

/* Begin PBXResourcesBuildPhase section */
		6EDAD21A1A26FFBC0037B1BD /* Resources */ = {
			isa = PBXResourcesBuildPhase;
			buildActionMask = 2147483647;
			files = (
				6EDAD2301A26FFBD0037B1BD /* LaunchScreen.xib in Resources */,
				641845611A4FE84F0026DD91 /* ball.png in Resources */,
				6EDAD22D1A26FFBD0037B1BD /* Images.xcassets in Resources */,
				6EDAD2241A26FFBD0037B1BD /* GameScene.sks in Resources */,
				6EDAD22B1A26FFBD0037B1BD /* Main.storyboard in Resources */,
			);
			runOnlyForDeploymentPostprocessing = 0;
		};
		6EDAD2331A26FFBD0037B1BD /* Resources */ = {
			isa = PBXResourcesBuildPhase;
			buildActionMask = 2147483647;
			files = (
			);
			runOnlyForDeploymentPostprocessing = 0;
		};
/* End PBXResourcesBuildPhase section */

/* Begin PBXSourcesBuildPhase section */
		6EDAD2181A26FFBC0037B1BD /* Sources */ = {
			isa = PBXSourcesBuildPhase;
			buildActionMask = 2147483647;
			files = (
				646F2EC81A2719A100D465F9 /* AkihikoAirframe.swift in Sources */,
				6ECDD91B1A4273FB007CF517 /* Bullet.swift in Sources */,
				64C4ED821A7B991E0062432B /* ScoreScene.swift in Sources */,
				6EDAD24A1A2700F30037B1BD /* DaikiRoot.swift in Sources */,
				6DF287DD1A442DD900970563 /* MoriyukiRoot.swift in Sources */,
				6EDAD24C1A27024E0037B1BD /* AkihikoRoot.swift in Sources */,
				6E42BE831A68B0160010E8B7 /* Beam.swift in Sources */,
				6E3140801A27052F00A77F6C /* DaikiEnemy.swift in Sources */,
				6EDAD2501A27029E0037B1BD /* KoukiRoot.swift in Sources */,
				6E5916421A4BB23E006DE56B /* ScreenManager.swift in Sources */,
				64C4ED801A7B98FA0062432B /* StartGameProtocol.swift in Sources */,
				6EDAD2261A26FFBD0037B1BD /* GameScene.swift in Sources */,
				64C4ED841A7B99420062432B /* TitleScene.swift in Sources */,
				6EDAD2281A26FFBD0037B1BD /* GameViewController.swift in Sources */,
				6D5003F61A8E1ABA00096AFE /* MoriEnemy.swift in Sources */,
				6ECDD9191A4273F2007CF517 /* Enemy.swift in Sources */,
				6E050C431A442F67008AE8D9 /* DaikiTestBullet.swift in Sources */,
				648EF7061A3AF332000DE1A8 /* AkihikoRefBullet.swift in Sources */,
				6418455F1A4FE6370026DD91 /* AkihikoEnemyBullet1.swift in Sources */,
				6E83C4691A674CB600EE8CD2 /* EnemyBullet.swift in Sources */,
				6445DA4B1A389FA800F67740 /* AkihikoMyBullet.swift in Sources */,
				64C4ED7E1A7B98E90062432B /* SceneEscapeProtocol.swift in Sources */,
				6DF287DB1A442C4400970563 /* MoriEnemy2.swift in Sources */,
				6E5916401A4BB0C5006DE56B /* Ship.swift in Sources */,
				6ECDD91D1A427412007CF517 /* ObjectManager.swift in Sources */,
				6EDAD2221A26FFBD0037B1BD /* AppDelegate.swift in Sources */,
			);
			runOnlyForDeploymentPostprocessing = 0;
		};
		6EDAD2311A26FFBD0037B1BD /* Sources */ = {
			isa = PBXSourcesBuildPhase;
			buildActionMask = 2147483647;
			files = (
			);
			runOnlyForDeploymentPostprocessing = 0;
		};
/* End PBXSourcesBuildPhase section */

/* Begin PBXTargetDependency section */
		6EDAD2371A26FFBD0037B1BD /* PBXTargetDependency */ = {
			isa = PBXTargetDependency;
			target = 6EDAD21B1A26FFBC0037B1BD /* ShootingGame */;
			targetProxy = 6EDAD2361A26FFBD0037B1BD /* PBXContainerItemProxy */;
		};
/* End PBXTargetDependency section */

/* Begin PBXVariantGroup section */
		6EDAD2291A26FFBD0037B1BD /* Main.storyboard */ = {
			isa = PBXVariantGroup;
			children = (
				6EDAD22A1A26FFBD0037B1BD /* Base */,
			);
			name = Main.storyboard;
			sourceTree = "<group>";
		};
		6EDAD22E1A26FFBD0037B1BD /* LaunchScreen.xib */ = {
			isa = PBXVariantGroup;
			children = (
				6EDAD22F1A26FFBD0037B1BD /* Base */,
			);
			name = LaunchScreen.xib;
			sourceTree = "<group>";
		};
/* End PBXVariantGroup section */

/* Begin XCBuildConfiguration section */
		6EDAD23D1A26FFBD0037B1BD /* Debug */ = {
			isa = XCBuildConfiguration;
			buildSettings = {
				ALWAYS_SEARCH_USER_PATHS = NO;
				CLANG_CXX_LANGUAGE_STANDARD = "gnu++0x";
				CLANG_CXX_LIBRARY = "libc++";
				CLANG_ENABLE_MODULES = YES;
				CLANG_ENABLE_OBJC_ARC = YES;
				CLANG_WARN_BOOL_CONVERSION = YES;
				CLANG_WARN_CONSTANT_CONVERSION = YES;
				CLANG_WARN_DIRECT_OBJC_ISA_USAGE = YES_ERROR;
				CLANG_WARN_EMPTY_BODY = YES;
				CLANG_WARN_ENUM_CONVERSION = YES;
				CLANG_WARN_INT_CONVERSION = YES;
				CLANG_WARN_OBJC_ROOT_CLASS = YES_ERROR;
				CLANG_WARN_UNREACHABLE_CODE = YES;
				CLANG_WARN__DUPLICATE_METHOD_MATCH = YES;
				"CODE_SIGN_IDENTITY[sdk=iphoneos*]" = "iPhone Developer";
				COPY_PHASE_STRIP = NO;
				ENABLE_STRICT_OBJC_MSGSEND = YES;
				GCC_C_LANGUAGE_STANDARD = gnu99;
				GCC_DYNAMIC_NO_PIC = NO;
				GCC_OPTIMIZATION_LEVEL = 0;
				GCC_PREPROCESSOR_DEFINITIONS = (
					"DEBUG=1",
					"$(inherited)",
				);
				GCC_SYMBOLS_PRIVATE_EXTERN = NO;
				GCC_WARN_64_TO_32_BIT_CONVERSION = YES;
				GCC_WARN_ABOUT_RETURN_TYPE = YES_ERROR;
				GCC_WARN_UNDECLARED_SELECTOR = YES;
				GCC_WARN_UNINITIALIZED_AUTOS = YES_AGGRESSIVE;
				GCC_WARN_UNUSED_FUNCTION = YES;
				GCC_WARN_UNUSED_VARIABLE = YES;
				IPHONEOS_DEPLOYMENT_TARGET = 8.1;
				MTL_ENABLE_DEBUG_INFO = YES;
				ONLY_ACTIVE_ARCH = YES;
				SDKROOT = iphoneos;
				SWIFT_OPTIMIZATION_LEVEL = "-Onone";
			};
			name = Debug;
		};
		6EDAD23E1A26FFBD0037B1BD /* Release */ = {
			isa = XCBuildConfiguration;
			buildSettings = {
				ALWAYS_SEARCH_USER_PATHS = NO;
				CLANG_CXX_LANGUAGE_STANDARD = "gnu++0x";
				CLANG_CXX_LIBRARY = "libc++";
				CLANG_ENABLE_MODULES = YES;
				CLANG_ENABLE_OBJC_ARC = YES;
				CLANG_WARN_BOOL_CONVERSION = YES;
				CLANG_WARN_CONSTANT_CONVERSION = YES;
				CLANG_WARN_DIRECT_OBJC_ISA_USAGE = YES_ERROR;
				CLANG_WARN_EMPTY_BODY = YES;
				CLANG_WARN_ENUM_CONVERSION = YES;
				CLANG_WARN_INT_CONVERSION = YES;
				CLANG_WARN_OBJC_ROOT_CLASS = YES_ERROR;
				CLANG_WARN_UNREACHABLE_CODE = YES;
				CLANG_WARN__DUPLICATE_METHOD_MATCH = YES;
				"CODE_SIGN_IDENTITY[sdk=iphoneos*]" = "iPhone Developer";
				COPY_PHASE_STRIP = YES;
				ENABLE_NS_ASSERTIONS = NO;
				ENABLE_STRICT_OBJC_MSGSEND = YES;
				GCC_C_LANGUAGE_STANDARD = gnu99;
				GCC_WARN_64_TO_32_BIT_CONVERSION = YES;
				GCC_WARN_ABOUT_RETURN_TYPE = YES_ERROR;
				GCC_WARN_UNDECLARED_SELECTOR = YES;
				GCC_WARN_UNINITIALIZED_AUTOS = YES_AGGRESSIVE;
				GCC_WARN_UNUSED_FUNCTION = YES;
				GCC_WARN_UNUSED_VARIABLE = YES;
				IPHONEOS_DEPLOYMENT_TARGET = 8.1;
				MTL_ENABLE_DEBUG_INFO = NO;
				SDKROOT = iphoneos;
				VALIDATE_PRODUCT = YES;
			};
			name = Release;
		};
		6EDAD2401A26FFBD0037B1BD /* Debug */ = {
			isa = XCBuildConfiguration;
			buildSettings = {
				ASSETCATALOG_COMPILER_APPICON_NAME = AppIcon;
				CODE_SIGN_IDENTITY = "iPhone Developer";
				"CODE_SIGN_IDENTITY[sdk=iphoneos*]" = "iPhone Developer";
				INFOPLIST_FILE = ShootingGame/Info.plist;
				LD_RUNPATH_SEARCH_PATHS = "$(inherited) @executable_path/Frameworks";
				PRODUCT_NAME = "$(TARGET_NAME)";
				PROVISIONING_PROFILE = "";
			};
			name = Debug;
		};
		6EDAD2411A26FFBD0037B1BD /* Release */ = {
			isa = XCBuildConfiguration;
			buildSettings = {
				ASSETCATALOG_COMPILER_APPICON_NAME = AppIcon;
				CODE_SIGN_IDENTITY = "iPhone Developer";
				"CODE_SIGN_IDENTITY[sdk=iphoneos*]" = "iPhone Developer";
				INFOPLIST_FILE = ShootingGame/Info.plist;
				LD_RUNPATH_SEARCH_PATHS = "$(inherited) @executable_path/Frameworks";
				PRODUCT_NAME = "$(TARGET_NAME)";
				PROVISIONING_PROFILE = "";
			};
			name = Release;
		};
		6EDAD2431A26FFBD0037B1BD /* Debug */ = {
			isa = XCBuildConfiguration;
			buildSettings = {
				BUNDLE_LOADER = "$(TEST_HOST)";
				FRAMEWORK_SEARCH_PATHS = (
					"$(SDKROOT)/Developer/Library/Frameworks",
					"$(inherited)",
				);
				GCC_PREPROCESSOR_DEFINITIONS = (
					"DEBUG=1",
					"$(inherited)",
				);
				INFOPLIST_FILE = ShootingGameTests/Info.plist;
				LD_RUNPATH_SEARCH_PATHS = "$(inherited) @executable_path/Frameworks @loader_path/Frameworks";
				PRODUCT_NAME = "$(TARGET_NAME)";
				TEST_HOST = "$(BUILT_PRODUCTS_DIR)/ShootingGame.app/ShootingGame";
			};
			name = Debug;
		};
		6EDAD2441A26FFBD0037B1BD /* Release */ = {
			isa = XCBuildConfiguration;
			buildSettings = {
				BUNDLE_LOADER = "$(TEST_HOST)";
				FRAMEWORK_SEARCH_PATHS = (
					"$(SDKROOT)/Developer/Library/Frameworks",
					"$(inherited)",
				);
				INFOPLIST_FILE = ShootingGameTests/Info.plist;
				LD_RUNPATH_SEARCH_PATHS = "$(inherited) @executable_path/Frameworks @loader_path/Frameworks";
				PRODUCT_NAME = "$(TARGET_NAME)";
				TEST_HOST = "$(BUILT_PRODUCTS_DIR)/ShootingGame.app/ShootingGame";
			};
			name = Release;
		};
/* End XCBuildConfiguration section */

/* Begin XCConfigurationList section */
		6EDAD2171A26FFBC0037B1BD /* Build configuration list for PBXProject "ShootingGame" */ = {
			isa = XCConfigurationList;
			buildConfigurations = (
				6EDAD23D1A26FFBD0037B1BD /* Debug */,
				6EDAD23E1A26FFBD0037B1BD /* Release */,
			);
			defaultConfigurationIsVisible = 0;
			defaultConfigurationName = Release;
		};
		6EDAD23F1A26FFBD0037B1BD /* Build configuration list for PBXNativeTarget "ShootingGame" */ = {
			isa = XCConfigurationList;
			buildConfigurations = (
				6EDAD2401A26FFBD0037B1BD /* Debug */,
				6EDAD2411A26FFBD0037B1BD /* Release */,
			);
			defaultConfigurationIsVisible = 0;
			defaultConfigurationName = Release;
		};
		6EDAD2421A26FFBD0037B1BD /* Build configuration list for PBXNativeTarget "ShootingGameTests" */ = {
			isa = XCConfigurationList;
			buildConfigurations = (
				6EDAD2431A26FFBD0037B1BD /* Debug */,
				6EDAD2441A26FFBD0037B1BD /* Release */,
			);
			defaultConfigurationIsVisible = 0;
			defaultConfigurationName = Release;
		};
/* End XCConfigurationList section */
	};
	rootObject = 6EDAD2141A26FFBC0037B1BD /* Project object */;
}
